{
    "_meta": {
        "hash": {
            "sha256": "22b4604b3acccf74ae7befccca8487594a2372d2713523e8bad28ad6de9a1ec7"
        },
        "pipfile-spec": 6,
        "requires": {
            "python_version": "3.6"
        },
        "sources": [
            {
                "name": "pypi",
                "url": "https://pypi.org/simple",
                "verify_ssl": true
            }
        ]
    },
    "default": {
        "timeout-decorator": {
            "hashes": [
                "sha256:06804ad60a64b012fc8326ba55ee209d8b3bea4e52ae2daff6cd66c4d76dc236",
                "sha256:1a5e276e75c1c5acbf3cdbd9b5e45d77e1f8626f93e39bd5115d68119171d3c6"
            ],
            "index": "pypi",
            "version": "==0.4.1"
        }
    },
    "develop": {}
}
